
Microsoft Visual Studio Solution File, Format Version 12.00
# Visual Studio Version 17
VisualStudioVersion = 17.5.002.0
MinimumVisualStudioVersion = 10.0.40219.1
Project("{9A19103F-16F7-4668-BE54-9A1E7A4F7556}") = "CWX-MegaMod/CWX-MegaMod", "CWX-MegaMod/CWX-MegaMod.csproj", "{F9BEF069-773A-4D4A-AC46-9927CA422997}"
EndProject
Global
	GlobalSection(SolutionConfigurationPlatforms) = preSolution
		Debug|Any CPU = Debug|Any CPU
		Release|Any CPU = Release|Any CPU
	EndGlobalSection
	GlobalSection(ProjectConfigurationPlatforms) = postSolution
		{F9BEF069-773A-4D4A-AC46-9927CA422997}.Debug|Any CPU.ActiveCfg = Debug|Any CPU
		{F9BEF069-773A-4D4A-AC46-9927CA422997}.Debug|Any CPU.Build.0 = Debug|Any CPU
		{F9BEF069-773A-4D4A-AC46-9927CA422997}.Release|Any CPU.ActiveCfg = Release|Any CPU
		{F9BEF069-773A-4D4A-AC46-9927CA422997}.Release|Any CPU.Build.0 = Release|Any CPU
	EndGlobalSection
	GlobalSection(SolutionProperties) = preSolution
		HideSolutionNode = FALSE
	EndGlobalSection
	GlobalSection(ExtensibilityGlobals) = postSolution
		SolutionGuid = {AB182EE8-0D4A-4466-A133-7940AEFC8687}
	EndGlobalSection
EndGlobal
